
Microsoft Visual Studio Solution File, Format Version 12.00
# Visual Studio Version 17
VisualStudioVersion = 17.8.34316.72
MinimumVisualStudioVersion = 10.0.40219.1
Project("{2150E333-8FDC-42A3-9474-1A3956D46DE8}") = "src", "src", "{5F1E23A8-B775-47A3-B35C-698030679D46}"
EndProject
Project("{2150E333-8FDC-42A3-9474-1A3956D46DE8}") = "BuildingBlocks", "BuildingBlocks", "{27D9035F-43F2-4E48-AAF7-66D4FAD68AC7}"
EndProject
Project("{2150E333-8FDC-42A3-9474-1A3956D46DE8}") = "Services", "Services", "{E6F45BE5-314F-4099-8F71-398A49E7B92E}"
EndProject
Project("{2150E333-8FDC-42A3-9474-1A3956D46DE8}") = "Shared", "Shared", "{EC017DB7-9ADE-45C9-9E83-0F999F85FCFB}"
EndProject
Project("{FAE04EC0-301F-11D3-BF4B-00C04F79EFBC}") = "MoviesRental.Core", "src\BuildingBlocks\MoviesRental.Core\MoviesRental.Core.csproj", "{1E827956-EF8B-4998-8FFB-225040CC81D8}"
EndProject
Project("{2150E333-8FDC-42A3-9474-1A3956D46DE8}") = "Consumer", "Consumer", "{B307772D-41AD-416A-852A-6E05C2FF2A45}"
EndProject
Project("{2150E333-8FDC-42A3-9474-1A3956D46DE8}") = "Publisher", "Publisher", "{DFB01C3D-C2EB-423F-9B0B-088B8ACBC009}"
EndProject
Project("{FAE04EC0-301F-11D3-BF4B-00C04F79EFBC}") = "MoviesRental.Consumer", "src\Services\Consumer\MoviesRental.Consumer\MoviesRental.Consumer.csproj", "{96506EC6-6EB1-4E51-A1FB-FC1697A59806}"
EndProject
Project("{2150E333-8FDC-42A3-9474-1A3956D46DE8}") = "Application", "Application", "{DA3358A1-76C8-40B1-995C-3ECE07843C76}"
EndProject
Project("{2150E333-8FDC-42A3-9474-1A3956D46DE8}") = "Domain", "Domain", "{77A77A65-3065-4A6B-8815-D8F7BA2BEB81}"
EndProject
Project("{2150E333-8FDC-42A3-9474-1A3956D46DE8}") = "Infrastructure", "Infrastructure", "{A7F4962D-6C43-4B0B-A539-6CED3B39C808}"
EndProject
Project("{2150E333-8FDC-42A3-9474-1A3956D46DE8}") = "Presentation", "Presentation", "{EFDF44C6-8BB9-4EA7-A451-61C3E5EAC7A5}"
EndProject
Project("{2150E333-8FDC-42A3-9474-1A3956D46DE8}") = "Queries", "Queries", "{719B43D9-79FA-4F09-B9AA-787CC9343453}"
EndProject
Project("{2150E333-8FDC-42A3-9474-1A3956D46DE8}") = "Domain", "Domain", "{0CD65EDA-78AC-4DB9-91B0-A952B9A46DF4}"
EndProject
Project("{2150E333-8FDC-42A3-9474-1A3956D46DE8}") = "Application", "Application", "{4F986C96-5F16-4ECA-96F8-68D70EF0386C}"
EndProject
Project("{2150E333-8FDC-42A3-9474-1A3956D46DE8}") = "Infrastructure", "Infrastructure", "{CCF264BF-C0EC-4FBE-8823-CFF81B5F496A}"
EndProject
Project("{FAE04EC0-301F-11D3-BF4B-00C04F79EFBC}") = "MoviesRental.Domain", "src\Services\Publisher\Domain\MoviesRental.Domain\MoviesRental.Domain.csproj", "{3C783F77-F18C-4C2F-B9D0-47B671DD4109}"
EndProject
Project("{FAE04EC0-301F-11D3-BF4B-00C04F79EFBC}") = "MoviesRental.Application", "src\Services\Publisher\Application\MoviesRental.Application\MoviesRental.Application.csproj", "{32446FB8-5275-45B3-97A2-ACA685ACD010}"
EndProject
Project("{FAE04EC0-301F-11D3-BF4B-00C04F79EFBC}") = "MoviesRental.Infrastructure", "src\Services\Publisher\Infrastructure\MoviesRental.Infrastructure\MoviesRental.Infrastructure.csproj", "{70C54EAF-FB2C-4044-A7E4-4100305AC866}"
EndProject
Project("{FAE04EC0-301F-11D3-BF4B-00C04F79EFBC}") = "MoviesRental.WebApi", "src\Services\Publisher\Presentation\MoviesRental.WebApi\MoviesRental.WebApi.csproj", "{1634C643-F319-4117-A3A4-FDADCE37597B}"
EndProject
Project("{FAE04EC0-301F-11D3-BF4B-00C04F79EFBC}") = "MoviesRental.Query.Application", "src\Shared\Queries\Application\MoviesRental.Query.Application\MoviesRental.Query.Application.csproj", "{FF381DF0-F3DB-402D-A993-E8DFD2C4EF3A}"
EndProject
Project("{FAE04EC0-301F-11D3-BF4B-00C04F79EFBC}") = "MoviesRental.Query.Domain", "src\Shared\Queries\Domain\MoviesRental.Query.Domain\MoviesRental.Query.Domain.csproj", "{D15A0DDB-98EE-4727-8DA4-DCBC5BA8088A}"
EndProject
Project("{FAE04EC0-301F-11D3-BF4B-00C04F79EFBC}") = "MoviesRental.Query.Infrastructure", "src\Shared\Queries\Infrastructure\MoviesRental.Query.Infrastructure\MoviesRental.Query.Infrastructure.csproj", "{54DDC306-068C-4943-A8CA-00CF8A9ED0D9}"
EndProject
Global
	GlobalSection(SolutionConfigurationPlatforms) = preSolution
		Debug|Any CPU = Debug|Any CPU
		Release|Any CPU = Release|Any CPU
	EndGlobalSection
	GlobalSection(ProjectConfigurationPlatforms) = postSolution
		{1E827956-EF8B-4998-8FFB-225040CC81D8}.Debug|Any CPU.ActiveCfg = Debug|Any CPU
		{1E827956-EF8B-4998-8FFB-225040CC81D8}.Debug|Any CPU.Build.0 = Debug|Any CPU
		{1E827956-EF8B-4998-8FFB-225040CC81D8}.Release|Any CPU.ActiveCfg = Release|Any CPU
		{1E827956-EF8B-4998-8FFB-225040CC81D8}.Release|Any CPU.Build.0 = Release|Any CPU
		{96506EC6-6EB1-4E51-A1FB-FC1697A59806}.Debug|Any CPU.ActiveCfg = Debug|Any CPU
		{96506EC6-6EB1-4E51-A1FB-FC1697A59806}.Debug|Any CPU.Build.0 = Debug|Any CPU
		{96506EC6-6EB1-4E51-A1FB-FC1697A59806}.Release|Any CPU.ActiveCfg = Release|Any CPU
		{96506EC6-6EB1-4E51-A1FB-FC1697A59806}.Release|Any CPU.Build.0 = Release|Any CPU
		{3C783F77-F18C-4C2F-B9D0-47B671DD4109}.Debug|Any CPU.ActiveCfg = Debug|Any CPU
		{3C783F77-F18C-4C2F-B9D0-47B671DD4109}.Debug|Any CPU.Build.0 = Debug|Any CPU
		{3C783F77-F18C-4C2F-B9D0-47B671DD4109}.Release|Any CPU.ActiveCfg = Release|Any CPU
		{3C783F77-F18C-4C2F-B9D0-47B671DD4109}.Release|Any CPU.Build.0 = Release|Any CPU
		{32446FB8-5275-45B3-97A2-ACA685ACD010}.Debug|Any CPU.ActiveCfg = Debug|Any CPU
		{32446FB8-5275-45B3-97A2-ACA685ACD010}.Debug|Any CPU.Build.0 = Debug|Any CPU
		{32446FB8-5275-45B3-97A2-ACA685ACD010}.Release|Any CPU.ActiveCfg = Release|Any CPU
		{32446FB8-5275-45B3-97A2-ACA685ACD010}.Release|Any CPU.Build.0 = Release|Any CPU
		{70C54EAF-FB2C-4044-A7E4-4100305AC866}.Debug|Any CPU.ActiveCfg = Debug|Any CPU
		{70C54EAF-FB2C-4044-A7E4-4100305AC866}.Debug|Any CPU.Build.0 = Debug|Any CPU
		{70C54EAF-FB2C-4044-A7E4-4100305AC866}.Release|Any CPU.ActiveCfg = Release|Any CPU
		{70C54EAF-FB2C-4044-A7E4-4100305AC866}.Release|Any CPU.Build.0 = Release|Any CPU
		{1634C643-F319-4117-A3A4-FDADCE37597B}.Debug|Any CPU.ActiveCfg = Debug|Any CPU
		{1634C643-F319-4117-A3A4-FDADCE37597B}.Debug|Any CPU.Build.0 = Debug|Any CPU
		{1634C643-F319-4117-A3A4-FDADCE37597B}.Release|Any CPU.ActiveCfg = Release|Any CPU
		{1634C643-F319-4117-A3A4-FDADCE37597B}.Release|Any CPU.Build.0 = Release|Any CPU
		{FF381DF0-F3DB-402D-A993-E8DFD2C4EF3A}.Debug|Any CPU.ActiveCfg = Debug|Any CPU
		{FF381DF0-F3DB-402D-A993-E8DFD2C4EF3A}.Debug|Any CPU.Build.0 = Debug|Any CPU
		{FF381DF0-F3DB-402D-A993-E8DFD2C4EF3A}.Release|Any CPU.ActiveCfg = Release|Any CPU
		{FF381DF0-F3DB-402D-A993-E8DFD2C4EF3A}.Release|Any CPU.Build.0 = Release|Any CPU
		{D15A0DDB-98EE-4727-8DA4-DCBC5BA8088A}.Debug|Any CPU.ActiveCfg = Debug|Any CPU
		{D15A0DDB-98EE-4727-8DA4-DCBC5BA8088A}.Debug|Any CPU.Build.0 = Debug|Any CPU
		{D15A0DDB-98EE-4727-8DA4-DCBC5BA8088A}.Release|Any CPU.ActiveCfg = Release|Any CPU
		{D15A0DDB-98EE-4727-8DA4-DCBC5BA8088A}.Release|Any CPU.Build.0 = Release|Any CPU
		{54DDC306-068C-4943-A8CA-00CF8A9ED0D9}.Debug|Any CPU.ActiveCfg = Debug|Any CPU
		{54DDC306-068C-4943-A8CA-00CF8A9ED0D9}.Debug|Any CPU.Build.0 = Debug|Any CPU
		{54DDC306-068C-4943-A8CA-00CF8A9ED0D9}.Release|Any CPU.ActiveCfg = Release|Any CPU
		{54DDC306-068C-4943-A8CA-00CF8A9ED0D9}.Release|Any CPU.Build.0 = Release|Any CPU
	EndGlobalSection
	GlobalSection(SolutionProperties) = preSolution
		HideSolutionNode = FALSE
	EndGlobalSection
	GlobalSection(NestedProjects) = preSolution
		{27D9035F-43F2-4E48-AAF7-66D4FAD68AC7} = {5F1E23A8-B775-47A3-B35C-698030679D46}
		{E6F45BE5-314F-4099-8F71-398A49E7B92E} = {5F1E23A8-B775-47A3-B35C-698030679D46}
		{EC017DB7-9ADE-45C9-9E83-0F999F85FCFB} = {5F1E23A8-B775-47A3-B35C-698030679D46}
		{1E827956-EF8B-4998-8FFB-225040CC81D8} = {27D9035F-43F2-4E48-AAF7-66D4FAD68AC7}
		{B307772D-41AD-416A-852A-6E05C2FF2A45} = {E6F45BE5-314F-4099-8F71-398A49E7B92E}
		{DFB01C3D-C2EB-423F-9B0B-088B8ACBC009} = {E6F45BE5-314F-4099-8F71-398A49E7B92E}
		{96506EC6-6EB1-4E51-A1FB-FC1697A59806} = {B307772D-41AD-416A-852A-6E05C2FF2A45}
		{DA3358A1-76C8-40B1-995C-3ECE07843C76} = {DFB01C3D-C2EB-423F-9B0B-088B8ACBC009}
		{77A77A65-3065-4A6B-8815-D8F7BA2BEB81} = {DFB01C3D-C2EB-423F-9B0B-088B8ACBC009}
		{A7F4962D-6C43-4B0B-A539-6CED3B39C808} = {DFB01C3D-C2EB-423F-9B0B-088B8ACBC009}
		{EFDF44C6-8BB9-4EA7-A451-61C3E5EAC7A5} = {DFB01C3D-C2EB-423F-9B0B-088B8ACBC009}
		{719B43D9-79FA-4F09-B9AA-787CC9343453} = {EC017DB7-9ADE-45C9-9E83-0F999F85FCFB}
		{0CD65EDA-78AC-4DB9-91B0-A952B9A46DF4} = {719B43D9-79FA-4F09-B9AA-787CC9343453}
		{4F986C96-5F16-4ECA-96F8-68D70EF0386C} = {719B43D9-79FA-4F09-B9AA-787CC9343453}
		{CCF264BF-C0EC-4FBE-8823-CFF81B5F496A} = {719B43D9-79FA-4F09-B9AA-787CC9343453}
		{3C783F77-F18C-4C2F-B9D0-47B671DD4109} = {77A77A65-3065-4A6B-8815-D8F7BA2BEB81}
		{32446FB8-5275-45B3-97A2-ACA685ACD010} = {DA3358A1-76C8-40B1-995C-3ECE07843C76}
		{70C54EAF-FB2C-4044-A7E4-4100305AC866} = {A7F4962D-6C43-4B0B-A539-6CED3B39C808}
		{1634C643-F319-4117-A3A4-FDADCE37597B} = {EFDF44C6-8BB9-4EA7-A451-61C3E5EAC7A5}
		{FF381DF0-F3DB-402D-A993-E8DFD2C4EF3A} = {4F986C96-5F16-4ECA-96F8-68D70EF0386C}
		{D15A0DDB-98EE-4727-8DA4-DCBC5BA8088A} = {0CD65EDA-78AC-4DB9-91B0-A952B9A46DF4}
		{54DDC306-068C-4943-A8CA-00CF8A9ED0D9} = {CCF264BF-C0EC-4FBE-8823-CFF81B5F496A}
	EndGlobalSection
	GlobalSection(ExtensibilityGlobals) = postSolution
		SolutionGuid = {1A4A9118-573F-4A98-88B3-F5EA73EA2897}
	EndGlobalSection
EndGlobal
